
Microsoft Visual Studio Solution File, Format Version 12.00
# Visual Studio Version 17
VisualStudioVersion = 17.10.35013.160
MinimumVisualStudioVersion = 10.0.40219.1
Project("{9A19103F-16F7-4668-BE54-9A1E7A4F7556}") = "Tic-tac-toe", "Tic-tac-toe\Tic-tac-toe.csproj", "{5686AC01-8367-4535-A241-F7617B972D93}"
EndProject
Project("{FAE04EC0-301F-11D3-BF4B-00C04F79EFBC}") = "Tic-tac-toe-Server", "Tic-tac-toe-Server\Tic-tac-toe-Server.csproj", "{74D4C30B-DCC6-4D45-BE7A-798662BDC122}"
EndProject
Global
	GlobalSection(SolutionConfigurationPlatforms) = preSolution
		Debug|Any CPU = Debug|Any CPU
		Release|Any CPU = Release|Any CPU
	EndGlobalSection
	GlobalSection(ProjectConfigurationPlatforms) = postSolution
		{5686AC01-8367-4535-A241-F7617B972D93}.Debug|Any CPU.ActiveCfg = Debug|Any CPU
		{5686AC01-8367-4535-A241-F7617B972D93}.Debug|Any CPU.Build.0 = Debug|Any CPU
		{5686AC01-8367-4535-A241-F7617B972D93}.Release|Any CPU.ActiveCfg = Release|Any CPU
		{5686AC01-8367-4535-A241-F7617B972D93}.Release|Any CPU.Build.0 = Release|Any CPU
		{74D4C30B-DCC6-4D45-BE7A-798662BDC122}.Debug|Any CPU.ActiveCfg = Debug|Any CPU
		{74D4C30B-DCC6-4D45-BE7A-798662BDC122}.Debug|Any CPU.Build.0 = Debug|Any CPU
		{74D4C30B-DCC6-4D45-BE7A-798662BDC122}.Release|Any CPU.ActiveCfg = Release|Any CPU
		{74D4C30B-DCC6-4D45-BE7A-798662BDC122}.Release|Any CPU.Build.0 = Release|Any CPU
	EndGlobalSection
	GlobalSection(SolutionProperties) = preSolution
		HideSolutionNode = FALSE
	EndGlobalSection
	GlobalSection(ExtensibilityGlobals) = postSolution
		SolutionGuid = {71187701-98A0-4885-BC25-4BB017E098D4}
	EndGlobalSection
EndGlobal
